// !$*UTF8*$!
{
	archiveVersion = 1;
	classes = {
	};
	objectVersion = 46;
	objects = {

/* Begin PBXBuildFile section */
		9320B84F18A8AC0A003F9A2F /* UIImage+GIF.h in Resources */ = {isa = PBXBuildFile; fileRef = 9320B84E18A8AC0A003F9A2F /* UIImage+GIF.h */; };
		9320B85118A8AC41003F9A2F /* UIImage+GIF.m in Sources */ = {isa = PBXBuildFile; fileRef = 9320B85018A8AC41003F9A2F /* UIImage+GIF.m */; };
		932E324F18A9012700A25CCD /* optical2.gif in Resources */ = {isa = PBXBuildFile; fileRef = 932E324E18A9012700A25CCD /* optical2.gif */; };
		932F5A7218A7A4B200968B24 /* ADCSlidingPuzzleView.m in Sources */ = {isa = PBXBuildFile; fileRef = 932F5A7118A7A4B200968B24 /* ADCSlidingPuzzleView.m */; };
		932F5A7718A7A7E600968B24 /* ADCViewController.m in Sources */ = {isa = PBXBuildFile; fileRef = 932F5A7518A7A7E600968B24 /* ADCViewController.m */; };
		932F5A7818A7A7E600968B24 /* ADCViewController.xib in Resources */ = {isa = PBXBuildFile; fileRef = 932F5A7618A7A7E600968B24 /* ADCViewController.xib */; };
		932F5A7B18A7BD6F00968B24 /* vid.mov in Resources */ = {isa = PBXBuildFile; fileRef = 932F5A7A18A7BD6F00968B24 /* vid.mov */; };
		932F5A7D18A7BF8F00968B24 /* cat.jpg in Resources */ = {isa = PBXBuildFile; fileRef = 932F5A7C18A7BF8F00968B24 /* cat.jpg */; };
		9397544218A35319000C3970 /* Foundation.framework in Frameworks */ = {isa = PBXBuildFile; fileRef = 9397544118A35319000C3970 /* Foundation.framework */; };
		9397544418A35319000C3970 /* CoreGraphics.framework in Frameworks */ = {isa = PBXBuildFile; fileRef = 9397544318A35319000C3970 /* CoreGraphics.framework */; };
		9397544618A35319000C3970 /* UIKit.framework in Frameworks */ = {isa = PBXBuildFile; fileRef = 9397544518A35319000C3970 /* UIKit.framework */; };
		9397544C18A35319000C3970 /* InfoPlist.strings in Resources */ = {isa = PBXBuildFile; fileRef = 9397544A18A35319000C3970 /* InfoPlist.strings */; };
		9397544E18A35319000C3970 /* main.m in Sources */ = {isa = PBXBuildFile; fileRef = 9397544D18A35319000C3970 /* main.m */; };
		9397545218A35319000C3970 /* ADCAppDelegate.m in Sources */ = {isa = PBXBuildFile; fileRef = 9397545118A35319000C3970 /* ADCAppDelegate.m */; };
		9397545418A35319000C3970 /* Images.xcassets in Resources */ = {isa = PBXBuildFile; fileRef = 9397545318A35319000C3970 /* Images.xcassets */; };
		9397545B18A35319000C3970 /* XCTest.framework in Frameworks */ = {isa = PBXBuildFile; fileRef = 9397545A18A35319000C3970 /* XCTest.framework */; };
		9397545C18A35319000C3970 /* Foundation.framework in Frameworks */ = {isa = PBXBuildFile; fileRef = 9397544118A35319000C3970 /* Foundation.framework */; };
		9397545D18A35319000C3970 /* UIKit.framework in Frameworks */ = {isa = PBXBuildFile; fileRef = 9397544518A35319000C3970 /* UIKit.framework */; };
		9397546518A35319000C3970 /* InfoPlist.strings in Resources */ = {isa = PBXBuildFile; fileRef = 9397546318A35319000C3970 /* InfoPlist.strings */; };
		9397546718A35319000C3970 /* Sliding_PuzzleTests.m in Sources */ = {isa = PBXBuildFile; fileRef = 9397546618A35319000C3970 /* Sliding_PuzzleTests.m */; };
		9397547218A35327000C3970 /* ADCSlidingPuzzleModel.m in Sources */ = {isa = PBXBuildFile; fileRef = 9397547118A35327000C3970 /* ADCSlidingPuzzleModel.m */; };
/* End PBXBuildFile section */

/* Begin PBXContainerItemProxy section */
		9397545E18A35319000C3970 /* PBXContainerItemProxy */ = {
			isa = PBXContainerItemProxy;
			containerPortal = 9397543618A35319000C3970 /* Project object */;
			proxyType = 1;
			remoteGlobalIDString = 9397543D18A35319000C3970;
			remoteInfo = "Sliding Puzzle";
		};
/* End PBXContainerItemProxy section */

/* Begin PBXFileReference section */
		9320B84E18A8AC0A003F9A2F /* UIImage+GIF.h */ = {isa = PBXFileReference; fileEncoding = 4; lastKnownFileType = sourcecode.c.h; path = "UIImage+GIF.h"; sourceTree = "<group>"; };
		9320B85018A8AC41003F9A2F /* UIImage+GIF.m */ = {isa = PBXFileReference; fileEncoding = 4; lastKnownFileType = sourcecode.c.objc; path = "UIImage+GIF.m"; sourceTree = "<group>"; };
		932E324E18A9012700A25CCD /* optical2.gif */ = {isa = PBXFileReference; lastKnownFileType = image.gif; path = optical2.gif; sourceTree = "<group>"; };
		932F5A7018A7A4B200968B24 /* ADCSlidingPuzzleView.h */ = {isa = PBXFileReference; fileEncoding = 4; lastKnownFileType = sourcecode.c.h; path = ADCSlidingPuzzleView.h; sourceTree = "<group>"; };
		932F5A7118A7A4B200968B24 /* ADCSlidingPuzzleView.m */ = {isa = PBXFileReference; fileEncoding = 4; lastKnownFileType = sourcecode.c.objc; path = ADCSlidingPuzzleView.m; sourceTree = "<group>"; };
		932F5A7418A7A7E600968B24 /* ADCViewController.h */ = {isa = PBXFileReference; fileEncoding = 4; lastKnownFileType = sourcecode.c.h; path = ADCViewController.h; sourceTree = "<group>"; };
		932F5A7518A7A7E600968B24 /* ADCViewController.m */ = {isa = PBXFileReference; fileEncoding = 4; lastKnownFileType = sourcecode.c.objc; path = ADCViewController.m; sourceTree = "<group>"; };
		932F5A7618A7A7E600968B24 /* ADCViewController.xib */ = {isa = PBXFileReference; fileEncoding = 4; lastKnownFileType = file.xib; path = ADCViewController.xib; sourceTree = "<group>"; };
		932F5A7A18A7BD6F00968B24 /* vid.mov */ = {isa = PBXFileReference; lastKnownFileType = video.quicktime; path = vid.mov; sourceTree = "<group>"; };
		932F5A7C18A7BF8F00968B24 /* cat.jpg */ = {isa = PBXFileReference; lastKnownFileType = image.jpeg; path = cat.jpg; sourceTree = "<group>"; };
		9397543E18A35319000C3970 /* Sliding Puzzle.app */ = {isa = PBXFileReference; explicitFileType = wrapper.application; includeInIndex = 0; path = "Sliding Puzzle.app"; sourceTree = BUILT_PRODUCTS_DIR; };
		9397544118A35319000C3970 /* Foundation.framework */ = {isa = PBXFileReference; lastKnownFileType = wrapper.framework; name = Foundation.framework; path = System/Library/Frameworks/Foundation.framework; sourceTree = SDKROOT; };
		9397544318A35319000C3970 /* CoreGraphics.framework */ = {isa = PBXFileReference; lastKnownFileType = wrapper.framework; name = CoreGraphics.framework; path = System/Library/Frameworks/CoreGraphics.framework; sourceTree = SDKROOT; };
		9397544518A35319000C3970 /* UIKit.framework */ = {isa = PBXFileReference; lastKnownFileType = wrapper.framework; name = UIKit.framework; path = System/Library/Frameworks/UIKit.framework; sourceTree = SDKROOT; };
		9397544918A35319000C3970 /* Sliding Puzzle-Info.plist */ = {isa = PBXFileReference; lastKnownFileType = text.plist.xml; path = "Sliding Puzzle-Info.plist"; sourceTree = "<group>"; };
		9397544B18A35319000C3970 /* en */ = {isa = PBXFileReference; lastKnownFileType = text.plist.strings; name = en; path = en.lproj/InfoPlist.strings; sourceTree = "<group>"; };
		9397544D18A35319000C3970 /* main.m */ = {isa = PBXFileReference; lastKnownFileType = sourcecode.c.objc; path = main.m; sourceTree = "<group>"; };
		9397544F18A35319000C3970 /* Sliding Puzzle-Prefix.pch */ = {isa = PBXFileReference; lastKnownFileType = sourcecode.c.h; path = "Sliding Puzzle-Prefix.pch"; sourceTree = "<group>"; };
		9397545018A35319000C3970 /* ADCAppDelegate.h */ = {isa = PBXFileReference; lastKnownFileType = sourcecode.c.h; path = ADCAppDelegate.h; sourceTree = "<group>"; };
		9397545118A35319000C3970 /* ADCAppDelegate.m */ = {isa = PBXFileReference; lastKnownFileType = sourcecode.c.objc; path = ADCAppDelegate.m; sourceTree = "<group>"; };
		9397545318A35319000C3970 /* Images.xcassets */ = {isa = PBXFileReference; lastKnownFileType = folder.assetcatalog; path = Images.xcassets; sourceTree = "<group>"; };
		9397545918A35319000C3970 /* Sliding PuzzleTests.xctest */ = {isa = PBXFileReference; explicitFileType = wrapper.cfbundle; includeInIndex = 0; path = "Sliding PuzzleTests.xctest"; sourceTree = BUILT_PRODUCTS_DIR; };
		9397545A18A35319000C3970 /* XCTest.framework */ = {isa = PBXFileReference; lastKnownFileType = wrapper.framework; name = XCTest.framework; path = Library/Frameworks/XCTest.framework; sourceTree = DEVELOPER_DIR; };
		9397546218A35319000C3970 /* Sliding PuzzleTests-Info.plist */ = {isa = PBXFileReference; lastKnownFileType = text.plist.xml; path = "Sliding PuzzleTests-Info.plist"; sourceTree = "<group>"; };
		9397546418A35319000C3970 /* en */ = {isa = PBXFileReference; lastKnownFileType = text.plist.strings; name = en; path = en.lproj/InfoPlist.strings; sourceTree = "<group>"; };
		9397546618A35319000C3970 /* Sliding_PuzzleTests.m */ = {isa = PBXFileReference; lastKnownFileType = sourcecode.c.objc; path = Sliding_PuzzleTests.m; sourceTree = "<group>"; };
		9397547018A35327000C3970 /* ADCSlidingPuzzleModel.h */ = {isa = PBXFileReference; fileEncoding = 4; lastKnownFileType = sourcecode.c.h; path = ADCSlidingPuzzleModel.h; sourceTree = "<group>"; };
		9397547118A35327000C3970 /* ADCSlidingPuzzleModel.m */ = {isa = PBXFileReference; fileEncoding = 4; lastKnownFileType = sourcecode.c.objc; path = ADCSlidingPuzzleModel.m; sourceTree = "<group>"; };
		9397547318A7A381000C3970 /* ADCSlidingPuzzleViewDelegate.h */ = {isa = PBXFileReference; lastKnownFileType = sourcecode.c.h; path = ADCSlidingPuzzleViewDelegate.h; sourceTree = "<group>"; };
		9397547418A7A3A0000C3970 /* ADCSlidingPuzzleIncludes.h */ = {isa = PBXFileReference; lastKnownFileType = sourcecode.c.h; path = ADCSlidingPuzzleIncludes.h; sourceTree = "<group>"; };
/* End PBXFileReference section */

/* Begin PBXFrameworksBuildPhase section */
		9397543B18A35319000C3970 /* Frameworks */ = {
			isa = PBXFrameworksBuildPhase;
			buildActionMask = 2147483647;
			files = (
				9397544418A35319000C3970 /* CoreGraphics.framework in Frameworks */,
				9397544618A35319000C3970 /* UIKit.framework in Frameworks */,
				9397544218A35319000C3970 /* Foundation.framework in Frameworks */,
			);
			runOnlyForDeploymentPostprocessing = 0;
		};
		9397545618A35319000C3970 /* Frameworks */ = {
			isa = PBXFrameworksBuildPhase;
			buildActionMask = 2147483647;
			files = (
				9397545B18A35319000C3970 /* XCTest.framework in Frameworks */,
				9397545D18A35319000C3970 /* UIKit.framework in Frameworks */,
				9397545C18A35319000C3970 /* Foundation.framework in Frameworks */,
			);
			runOnlyForDeploymentPostprocessing = 0;
		};
/* End PBXFrameworksBuildPhase section */

/* Begin PBXGroup section */
		932F5A7318A7A7D500968B24 /* ADCSlidingPuzzle */ = {
			isa = PBXGroup;
			children = (
				9397547418A7A3A0000C3970 /* ADCSlidingPuzzleIncludes.h */,
				9397547018A35327000C3970 /* ADCSlidingPuzzleModel.h */,
				9397547118A35327000C3970 /* ADCSlidingPuzzleModel.m */,
				9397547318A7A381000C3970 /* ADCSlidingPuzzleViewDelegate.h */,
				932F5A7018A7A4B200968B24 /* ADCSlidingPuzzleView.h */,
				932F5A7118A7A4B200968B24 /* ADCSlidingPuzzleView.m */,
			);
			name = ADCSlidingPuzzle;
			sourceTree = "<group>";
		};
		9397543518A35319000C3970 = {
			isa = PBXGroup;
			children = (
				9397544718A35319000C3970 /* Sliding Puzzle */,
				9397546018A35319000C3970 /* Sliding PuzzleTests */,
				9397544018A35319000C3970 /* Frameworks */,
				9397543F18A35319000C3970 /* Products */,
			);
			sourceTree = "<group>";
		};
		9397543F18A35319000C3970 /* Products */ = {
			isa = PBXGroup;
			children = (
				9397543E18A35319000C3970 /* Sliding Puzzle.app */,
				9397545918A35319000C3970 /* Sliding PuzzleTests.xctest */,
			);
			name = Products;
			sourceTree = "<group>";
		};
		9397544018A35319000C3970 /* Frameworks */ = {
			isa = PBXGroup;
			children = (
				9397544118A35319000C3970 /* Foundation.framework */,
				9397544318A35319000C3970 /* CoreGraphics.framework */,
				9397544518A35319000C3970 /* UIKit.framework */,
				9397545A18A35319000C3970 /* XCTest.framework */,
			);
			name = Frameworks;
			sourceTree = "<group>";
		};
		9397544718A35319000C3970 /* Sliding Puzzle */ = {
			isa = PBXGroup;
			children = (
				9397545018A35319000C3970 /* ADCAppDelegate.h */,
				9397545118A35319000C3970 /* ADCAppDelegate.m */,
				932F5A7418A7A7E600968B24 /* ADCViewController.h */,
				932F5A7518A7A7E600968B24 /* ADCViewController.m */,
				9320B84E18A8AC0A003F9A2F /* UIImage+GIF.h */,
				9320B85018A8AC41003F9A2F /* UIImage+GIF.m */,
				932F5A7618A7A7E600968B24 /* ADCViewController.xib */,
				932F5A7318A7A7D500968B24 /* ADCSlidingPuzzle */,
				9397545318A35319000C3970 /* Images.xcassets */,
				9397544818A35319000C3970 /* Supporting Files */,
			);
			path = "Sliding Puzzle";
			sourceTree = "<group>";
		};
		9397544818A35319000C3970 /* Supporting Files */ = {
			isa = PBXGroup;
			children = (
				932E324E18A9012700A25CCD /* optical2.gif */,
				932F5A7C18A7BF8F00968B24 /* cat.jpg */,
				932F5A7A18A7BD6F00968B24 /* vid.mov */,
				9397544918A35319000C3970 /* Sliding Puzzle-Info.plist */,
				9397544A18A35319000C3970 /* InfoPlist.strings */,
				9397544D18A35319000C3970 /* main.m */,
				9397544F18A35319000C3970 /* Sliding Puzzle-Prefix.pch */,
			);
			name = "Supporting Files";
			sourceTree = "<group>";
		};
		9397546018A35319000C3970 /* Sliding PuzzleTests */ = {
			isa = PBXGroup;
			children = (
				9397546618A35319000C3970 /* Sliding_PuzzleTests.m */,
				9397546118A35319000C3970 /* Supporting Files */,
			);
			path = "Sliding PuzzleTests";
			sourceTree = "<group>";
		};
		9397546118A35319000C3970 /* Supporting Files */ = {
			isa = PBXGroup;
			children = (
				9397546218A35319000C3970 /* Sliding PuzzleTests-Info.plist */,
				9397546318A35319000C3970 /* InfoPlist.strings */,
			);
			name = "Supporting Files";
			sourceTree = "<group>";
		};
/* End PBXGroup section */

/* Begin PBXNativeTarget section */
		9397543D18A35319000C3970 /* Sliding Puzzle */ = {
			isa = PBXNativeTarget;
			buildConfigurationList = 9397546A18A35319000C3970 /* Build configuration list for PBXNativeTarget "Sliding Puzzle" */;
			buildPhases = (
				9397543A18A35319000C3970 /* Sources */,
				9397543B18A35319000C3970 /* Frameworks */,
				9397543C18A35319000C3970 /* Resources */,
			);
			buildRules = (
			);
			dependencies = (
			);
			name = "Sliding Puzzle";
			productName = "Sliding Puzzle";
			productReference = 9397543E18A35319000C3970 /* Sliding Puzzle.app */;
			productType = "com.apple.product-type.application";
		};
		9397545818A35319000C3970 /* Sliding PuzzleTests */ = {
			isa = PBXNativeTarget;
			buildConfigurationList = 9397546D18A35319000C3970 /* Build configuration list for PBXNativeTarget "Sliding PuzzleTests" */;
			buildPhases = (
				9397545518A35319000C3970 /* Sources */,
				9397545618A35319000C3970 /* Frameworks */,
				9397545718A35319000C3970 /* Resources */,
			);
			buildRules = (
			);
			dependencies = (
				9397545F18A35319000C3970 /* PBXTargetDependency */,
			);
			name = "Sliding PuzzleTests";
			productName = "Sliding PuzzleTests";
			productReference = 9397545918A35319000C3970 /* Sliding PuzzleTests.xctest */;
			productType = "com.apple.product-type.bundle.unit-test";
		};
/* End PBXNativeTarget section */

/* Begin PBXProject section */
		9397543618A35319000C3970 /* Project object */ = {
			isa = PBXProject;
			attributes = {
				CLASSPREFIX = ADC;
				LastUpgradeCheck = 0500;
				ORGANIZATIONNAME = Aaron;
				TargetAttributes = {
					9397545818A35319000C3970 = {
						TestTargetID = 9397543D18A35319000C3970;
					};
				};
			};
			buildConfigurationList = 9397543918A35319000C3970 /* Build configuration list for PBXProject "Sliding Puzzle" */;
			compatibilityVersion = "Xcode 3.2";
			developmentRegion = English;
			hasScannedForEncodings = 0;
			knownRegions = (
				en,
			);
			mainGroup = 9397543518A35319000C3970;
			productRefGroup = 9397543F18A35319000C3970 /* Products */;
			projectDirPath = "";
			projectRoot = "";
			targets = (
				9397543D18A35319000C3970 /* Sliding Puzzle */,
				9397545818A35319000C3970 /* Sliding PuzzleTests */,
			);
		};
/* End PBXProject section */

/* Begin PBXResourcesBuildPhase section */
		9397543C18A35319000C3970 /* Resources */ = {
			isa = PBXResourcesBuildPhase;
			buildActionMask = 2147483647;
			files = (
				9397544C18A35319000C3970 /* InfoPlist.strings in Resources */,
				9397545418A35319000C3970 /* Images.xcassets in Resources */,
				932F5A7B18A7BD6F00968B24 /* vid.mov in Resources */,
				932F5A7818A7A7E600968B24 /* ADCViewController.xib in Resources */,
				932E324F18A9012700A25CCD /* optical2.gif in Resources */,
				9320B84F18A8AC0A003F9A2F /* UIImage+GIF.h in Resources */,
				932F5A7D18A7BF8F00968B24 /* cat.jpg in Resources */,
			);
			runOnlyForDeploymentPostprocessing = 0;
		};
		9397545718A35319000C3970 /* Resources */ = {
			isa = PBXResourcesBuildPhase;
			buildActionMask = 2147483647;
			files = (
				9397546518A35319000C3970 /* InfoPlist.strings in Resources */,
			);
			runOnlyForDeploymentPostprocessing = 0;
		};
/* End PBXResourcesBuildPhase section */

/* Begin PBXSourcesBuildPhase section */
		9397543A18A35319000C3970 /* Sources */ = {
			isa = PBXSourcesBuildPhase;
			buildActionMask = 2147483647;
			files = (
				9320B85118A8AC41003F9A2F /* UIImage+GIF.m in Sources */,
				932F5A7718A7A7E600968B24 /* ADCViewController.m in Sources */,
				932F5A7218A7A4B200968B24 /* ADCSlidingPuzzleView.m in Sources */,
				9397547218A35327000C3970 /* ADCSlidingPuzzleModel.m in Sources */,
				9397544E18A35319000C3970 /* main.m in Sources */,
				9397545218A35319000C3970 /* ADCAppDelegate.m in Sources */,
			);
			runOnlyForDeploymentPostprocessing = 0;
		};
		9397545518A35319000C3970 /* Sources */ = {
			isa = PBXSourcesBuildPhase;
			buildActionMask = 2147483647;
			files = (
				9397546718A35319000C3970 /* Sliding_PuzzleTests.m in Sources */,
			);
			runOnlyForDeploymentPostprocessing = 0;
		};
/* End PBXSourcesBuildPhase section */

/* Begin PBXTargetDependency section */
		9397545F18A35319000C3970 /* PBXTargetDependency */ = {
			isa = PBXTargetDependency;
			target = 9397543D18A35319000C3970 /* Sliding Puzzle */;
			targetProxy = 9397545E18A35319000C3970 /* PBXContainerItemProxy */;
		};
/* End PBXTargetDependency section */

/* Begin PBXVariantGroup section */
		9397544A18A35319000C3970 /* InfoPlist.strings */ = {
			isa = PBXVariantGroup;
			children = (
				9397544B18A35319000C3970 /* en */,
			);
			name = InfoPlist.strings;
			sourceTree = "<group>";
		};
		9397546318A35319000C3970 /* InfoPlist.strings */ = {
			isa = PBXVariantGroup;
			children = (
				9397546418A35319000C3970 /* en */,
			);
			name = InfoPlist.strings;
			sourceTree = "<group>";
		};
/* End PBXVariantGroup section */

/* Begin XCBuildConfiguration section */
		9397546818A35319000C3970 /* Debug */ = {
			isa = XCBuildConfiguration;
			buildSettings = {
				ALWAYS_SEARCH_USER_PATHS = NO;
				ARCHS = "$(ARCHS_STANDARD_INCLUDING_64_BIT)";
				CLANG_CXX_LANGUAGE_STANDARD = "gnu++0x";
				CLANG_CXX_LIBRARY = "libc++";
				CLANG_ENABLE_MODULES = YES;
				CLANG_ENABLE_OBJC_ARC = YES;
				CLANG_WARN_BOOL_CONVERSION = YES;
				CLANG_WARN_CONSTANT_CONVERSION = YES;
				CLANG_WARN_DIRECT_OBJC_ISA_USAGE = YES_ERROR;
				CLANG_WARN_EMPTY_BODY = YES;
				CLANG_WARN_ENUM_CONVERSION = YES;
				CLANG_WARN_INT_CONVERSION = YES;
				CLANG_WARN_OBJC_ROOT_CLASS = YES_ERROR;
				CLANG_WARN__DUPLICATE_METHOD_MATCH = YES;
				"CODE_SIGN_IDENTITY[sdk=iphoneos*]" = "iPhone Developer";
				COPY_PHASE_STRIP = NO;
				GCC_C_LANGUAGE_STANDARD = gnu99;
				GCC_DYNAMIC_NO_PIC = NO;
				GCC_OPTIMIZATION_LEVEL = 0;
				GCC_PREPROCESSOR_DEFINITIONS = (
					"DEBUG=1",
					"$(inherited)",
				);
				GCC_SYMBOLS_PRIVATE_EXTERN = NO;
				GCC_WARN_64_TO_32_BIT_CONVERSION = YES;
				GCC_WARN_ABOUT_RETURN_TYPE = YES_ERROR;
				GCC_WARN_UNDECLARED_SELECTOR = YES;
				GCC_WARN_UNINITIALIZED_AUTOS = YES;
				GCC_WARN_UNUSED_FUNCTION = YES;
				GCC_WARN_UNUSED_VARIABLE = YES;
				IPHONEOS_DEPLOYMENT_TARGET = 7.0;
				ONLY_ACTIVE_ARCH = YES;
				SDKROOT = iphoneos;
				TARGETED_DEVICE_FAMILY = "1,2";
			};
			name = Debug;
		};
		9397546918A35319000C3970 /* Release */ = {
			isa = XCBuildConfiguration;
			buildSettings = {
				ALWAYS_SEARCH_USER_PATHS = NO;
				ARCHS = "$(ARCHS_STANDARD_INCLUDING_64_BIT)";
				CLANG_CXX_LANGUAGE_STANDARD = "gnu++0x";
				CLANG_CXX_LIBRARY = "libc++";
				CLANG_ENABLE_MODULES = YES;
				CLANG_ENABLE_OBJC_ARC = YES;
				CLANG_WARN_BOOL_CONVERSION = YES;
				CLANG_WARN_CONSTANT_CONVERSION = YES;
				CLANG_WARN_DIRECT_OBJC_ISA_USAGE = YES_ERROR;
				CLANG_WARN_EMPTY_BODY = YES;
				CLANG_WARN_ENUM_CONVERSION = YES;
				CLANG_WARN_INT_CONVERSION = YES;
				CLANG_WARN_OBJC_ROOT_CLASS = YES_ERROR;
				CLANG_WARN__DUPLICATE_METHOD_MATCH = YES;
				"CODE_SIGN_IDENTITY[sdk=iphoneos*]" = "iPhone Developer";
				COPY_PHASE_STRIP = YES;
				ENABLE_NS_ASSERTIONS = NO;
				GCC_C_LANGUAGE_STANDARD = gnu99;
				GCC_WARN_64_TO_32_BIT_CONVERSION = YES;
				GCC_WARN_ABOUT_RETURN_TYPE = YES_ERROR;
				GCC_WARN_UNDECLARED_SELECTOR = YES;
				GCC_WARN_UNINITIALIZED_AUTOS = YES;
				GCC_WARN_UNUSED_FUNCTION = YES;
				GCC_WARN_UNUSED_VARIABLE = YES;
				IPHONEOS_DEPLOYMENT_TARGET = 7.0;
				SDKROOT = iphoneos;
				TARGETED_DEVICE_FAMILY = "1,2";
				VALIDATE_PRODUCT = YES;
			};
			name = Release;
		};
		9397546B18A35319000C3970 /* Debug */ = {
			isa = XCBuildConfiguration;
			buildSettings = {
				ASSETCATALOG_COMPILER_APPICON_NAME = AppIcon;
				ASSETCATALOG_COMPILER_LAUNCHIMAGE_NAME = LaunchImage;
				GCC_PRECOMPILE_PREFIX_HEADER = YES;
				GCC_PREFIX_HEADER = "Sliding Puzzle/Sliding Puzzle-Prefix.pch";
				INFOPLIST_FILE = "Sliding Puzzle/Sliding Puzzle-Info.plist";
				PRODUCT_NAME = "$(TARGET_NAME)";
				WRAPPER_EXTENSION = app;
			};
			name = Debug;
		};
		9397546C18A35319000C3970 /* Release */ = {
			isa = XCBuildConfiguration;
			buildSettings = {
				ASSETCATALOG_COMPILER_APPICON_NAME = AppIcon;
				ASSETCATALOG_COMPILER_LAUNCHIMAGE_NAME = LaunchImage;
				GCC_PRECOMPILE_PREFIX_HEADER = YES;
				GCC_PREFIX_HEADER = "Sliding Puzzle/Sliding Puzzle-Prefix.pch";
				INFOPLIST_FILE = "Sliding Puzzle/Sliding Puzzle-Info.plist";
				PRODUCT_NAME = "$(TARGET_NAME)";
				WRAPPER_EXTENSION = app;
			};
			name = Release;
		};
		9397546E18A35319000C3970 /* Debug */ = {
			isa = XCBuildConfiguration;
			buildSettings = {
				ARCHS = "$(ARCHS_STANDARD_INCLUDING_64_BIT)";
				BUNDLE_LOADER = "$(BUILT_PRODUCTS_DIR)/Sliding Puzzle.app/Sliding Puzzle";
				FRAMEWORK_SEARCH_PATHS = (
					"$(SDKROOT)/Developer/Library/Frameworks",
					"$(inherited)",
					"$(DEVELOPER_FRAMEWORKS_DIR)",
				);
				GCC_PRECOMPILE_PREFIX_HEADER = YES;
				GCC_PREFIX_HEADER = "Sliding Puzzle/Sliding Puzzle-Prefix.pch";
				GCC_PREPROCESSOR_DEFINITIONS = (
					"DEBUG=1",
					"$(inherited)",
				);
				INFOPLIST_FILE = "Sliding PuzzleTests/Sliding PuzzleTests-Info.plist";
				PRODUCT_NAME = "$(TARGET_NAME)";
				TEST_HOST = "$(BUNDLE_LOADER)";
				WRAPPER_EXTENSION = xctest;
			};
			name = Debug;
		};
		9397546F18A35319000C3970 /* Release */ = {
			isa = XCBuildConfiguration;
			buildSettings = {
				ARCHS = "$(ARCHS_STANDARD_INCLUDING_64_BIT)";
				BUNDLE_LOADER = "$(BUILT_PRODUCTS_DIR)/Sliding Puzzle.app/Sliding Puzzle";
				FRAMEWORK_SEARCH_PATHS = (
					"$(SDKROOT)/Developer/Library/Frameworks",
					"$(inherited)",
					"$(DEVELOPER_FRAMEWORKS_DIR)",
				);
				GCC_PRECOMPILE_PREFIX_HEADER = YES;
				GCC_PREFIX_HEADER = "Sliding Puzzle/Sliding Puzzle-Prefix.pch";
				INFOPLIST_FILE = "Sliding PuzzleTests/Sliding PuzzleTests-Info.plist";
				PRODUCT_NAME = "$(TARGET_NAME)";
				TEST_HOST = "$(BUNDLE_LOADER)";
				WRAPPER_EXTENSION = xctest;
			};
			name = Release;
		};
/* End XCBuildConfiguration section */

/* Begin XCConfigurationList section */
		9397543918A35319000C3970 /* Build configuration list for PBXProject "Sliding Puzzle" */ = {
			isa = XCConfigurationList;
			buildConfigurations = (
				9397546818A35319000C3970 /* Debug */,
				9397546918A35319000C3970 /* Release */,
			);
			defaultConfigurationIsVisible = 0;
			defaultConfigurationName = Release;
		};
		9397546A18A35319000C3970 /* Build configuration list for PBXNativeTarget "Sliding Puzzle" */ = {
			isa = XCConfigurationList;
			buildConfigurations = (
				9397546B18A35319000C3970 /* Debug */,
				9397546C18A35319000C3970 /* Release */,
			);
			defaultConfigurationIsVisible = 0;
			defaultConfigurationName = Release;
		};
		9397546D18A35319000C3970 /* Build configuration list for PBXNativeTarget "Sliding PuzzleTests" */ = {
			isa = XCConfigurationList;
			buildConfigurations = (
				9397546E18A35319000C3970 /* Debug */,
				9397546F18A35319000C3970 /* Release */,
			);
			defaultConfigurationIsVisible = 0;
			defaultConfigurationName = Release;
		};
/* End XCConfigurationList section */
	};
	rootObject = 9397543618A35319000C3970 /* Project object */;
}
